// !$*UTF8*$!
{
	archiveVersion = 1;
	classes = {
	};
	objectVersion = 56;
	objects = {

/* Begin PBXBuildFile section */
		131B36DD2A6B5EB60011EADB /* ToDoListApp.swift in Sources */ = {isa = PBXBuildFile; fileRef = 131B36DC2A6B5EB60011EADB /* ToDoListApp.swift */; };
		131B36DF2A6B5EB60011EADB /* MainView.swift in Sources */ = {isa = PBXBuildFile; fileRef = 131B36DE2A6B5EB60011EADB /* MainView.swift */; };
		131B36E12A6B5EB60011EADB /* Assets.xcassets in Resources */ = {isa = PBXBuildFile; fileRef = 131B36E02A6B5EB60011EADB /* Assets.xcassets */; };
		131B36E42A6B5EB60011EADB /* Preview Assets.xcassets in Resources */ = {isa = PBXBuildFile; fileRef = 131B36E32A6B5EB60011EADB /* Preview Assets.xcassets */; };
		131B36EC2A6B5F2B0011EADB /* FirebaseAuth in Frameworks */ = {isa = PBXBuildFile; productRef = 131B36EB2A6B5F2B0011EADB /* FirebaseAuth */; };
		131B36EE2A6B5F2B0011EADB /* FirebaseFirestore in Frameworks */ = {isa = PBXBuildFile; productRef = 131B36ED2A6B5F2B0011EADB /* FirebaseFirestore */; };
		131B36F02A6B5F2B0011EADB /* FirebaseFirestoreSwift in Frameworks */ = {isa = PBXBuildFile; productRef = 131B36EF2A6B5F2B0011EADB /* FirebaseFirestoreSwift */; };
		131B36F22A6B60140011EADB /* GoogleService-Info.plist in Resources */ = {isa = PBXBuildFile; fileRef = 131B36F12A6B60140011EADB /* GoogleService-Info.plist */; };
		131B36F82A6B636C0011EADB /* ProfileView.swift in Sources */ = {isa = PBXBuildFile; fileRef = 131B36F72A6B636C0011EADB /* ProfileView.swift */; };
		131B36FA2A6B638B0011EADB /* ToDoListView.swift in Sources */ = {isa = PBXBuildFile; fileRef = 131B36F92A6B638B0011EADB /* ToDoListView.swift */; };
		131B36FC2A6B639D0011EADB /* NewItemView.swift in Sources */ = {isa = PBXBuildFile; fileRef = 131B36FB2A6B639D0011EADB /* NewItemView.swift */; };
		131B37002A6B63C50011EADB /* RegisterView.swift in Sources */ = {isa = PBXBuildFile; fileRef = 131B36FF2A6B63C50011EADB /* RegisterView.swift */; };
		131B37022A6B63FA0011EADB /* ToDoListItemView.swift in Sources */ = {isa = PBXBuildFile; fileRef = 131B37012A6B63FA0011EADB /* ToDoListItemView.swift */; };
		131B37042A6B64380011EADB /* User.swift in Sources */ = {isa = PBXBuildFile; fileRef = 131B37032A6B64380011EADB /* User.swift */; };
		131B37062A6B64460011EADB /* ToDoListItem.swift in Sources */ = {isa = PBXBuildFile; fileRef = 131B37052A6B64460011EADB /* ToDoListItem.swift */; };
		131B37082A6B648E0011EADB /* MainViewViewModel.swift in Sources */ = {isa = PBXBuildFile; fileRef = 131B37072A6B648E0011EADB /* MainViewViewModel.swift */; };
		131B370A2A6B64A00011EADB /* ProfileViewViewModel.swift in Sources */ = {isa = PBXBuildFile; fileRef = 131B37092A6B64A00011EADB /* ProfileViewViewModel.swift */; };
		131B370C2A6B64B60011EADB /* ToDoListViewViewModel.swift in Sources */ = {isa = PBXBuildFile; fileRef = 131B370B2A6B64B60011EADB /* ToDoListViewViewModel.swift */; };
		131B370E2A6B64DC0011EADB /* NewItemViewViewModel.swift in Sources */ = {isa = PBXBuildFile; fileRef = 131B370D2A6B64DC0011EADB /* NewItemViewViewModel.swift */; };
		131B37102A6B64FC0011EADB /* LoginViewViewModel.swift in Sources */ = {isa = PBXBuildFile; fileRef = 131B370F2A6B64FC0011EADB /* LoginViewViewModel.swift */; };
		131B37122A6B650F0011EADB /* RegisterViewViewModel.swift in Sources */ = {isa = PBXBuildFile; fileRef = 131B37112A6B650F0011EADB /* RegisterViewViewModel.swift */; };
		131B37142A6B651F0011EADB /* ToDoListItemViewViewModel.swift in Sources */ = {isa = PBXBuildFile; fileRef = 131B37132A6B651F0011EADB /* ToDoListItemViewViewModel.swift */; };
		131B37162A6B6B530011EADB /* LoginView.swift in Sources */ = {isa = PBXBuildFile; fileRef = 131B37152A6B6B530011EADB /* LoginView.swift */; };
		131B37182A6B6EF00011EADB /* HeaderView.swift in Sources */ = {isa = PBXBuildFile; fileRef = 131B37172A6B6EF00011EADB /* HeaderView.swift */; };
/* End PBXBuildFile section */

/* Begin PBXFileReference section */
		131B36D92A6B5EB60011EADB /* ToDoList.app */ = {isa = PBXFileReference; explicitFileType = wrapper.application; includeInIndex = 0; path = ToDoList.app; sourceTree = BUILT_PRODUCTS_DIR; };
		131B36DC2A6B5EB60011EADB /* ToDoListApp.swift */ = {isa = PBXFileReference; lastKnownFileType = sourcecode.swift; path = ToDoListApp.swift; sourceTree = "<group>"; };
		131B36DE2A6B5EB60011EADB /* MainView.swift */ = {isa = PBXFileReference; lastKnownFileType = sourcecode.swift; path = MainView.swift; sourceTree = "<group>"; };
		131B36E02A6B5EB60011EADB /* Assets.xcassets */ = {isa = PBXFileReference; lastKnownFileType = folder.assetcatalog; path = Assets.xcassets; sourceTree = "<group>"; };
		131B36E32A6B5EB60011EADB /* Preview Assets.xcassets */ = {isa = PBXFileReference; lastKnownFileType = folder.assetcatalog; path = "Preview Assets.xcassets"; sourceTree = "<group>"; };
		131B36F12A6B60140011EADB /* GoogleService-Info.plist */ = {isa = PBXFileReference; fileEncoding = 4; lastKnownFileType = text.plist.xml; path = "GoogleService-Info.plist"; sourceTree = "<group>"; };
		131B36F72A6B636C0011EADB /* ProfileView.swift */ = {isa = PBXFileReference; lastKnownFileType = sourcecode.swift; path = ProfileView.swift; sourceTree = "<group>"; };
		131B36F92A6B638B0011EADB /* ToDoListView.swift */ = {isa = PBXFileReference; lastKnownFileType = sourcecode.swift; path = ToDoListView.swift; sourceTree = "<group>"; };
		131B36FB2A6B639D0011EADB /* NewItemView.swift */ = {isa = PBXFileReference; lastKnownFileType = sourcecode.swift; path = NewItemView.swift; sourceTree = "<group>"; };
		131B36FF2A6B63C50011EADB /* RegisterView.swift */ = {isa = PBXFileReference; lastKnownFileType = sourcecode.swift; path = RegisterView.swift; sourceTree = "<group>"; };
		131B37012A6B63FA0011EADB /* ToDoListItemView.swift */ = {isa = PBXFileReference; lastKnownFileType = sourcecode.swift; path = ToDoListItemView.swift; sourceTree = "<group>"; };
		131B37032A6B64380011EADB /* User.swift */ = {isa = PBXFileReference; lastKnownFileType = sourcecode.swift; path = User.swift; sourceTree = "<group>"; };
		131B37052A6B64460011EADB /* ToDoListItem.swift */ = {isa = PBXFileReference; lastKnownFileType = sourcecode.swift; path = ToDoListItem.swift; sourceTree = "<group>"; };
		131B37072A6B648E0011EADB /* MainViewViewModel.swift */ = {isa = PBXFileReference; lastKnownFileType = sourcecode.swift; path = MainViewViewModel.swift; sourceTree = "<group>"; };
		131B37092A6B64A00011EADB /* ProfileViewViewModel.swift */ = {isa = PBXFileReference; lastKnownFileType = sourcecode.swift; path = ProfileViewViewModel.swift; sourceTree = "<group>"; };
		131B370B2A6B64B60011EADB /* ToDoListViewViewModel.swift */ = {isa = PBXFileReference; lastKnownFileType = sourcecode.swift; path = ToDoListViewViewModel.swift; sourceTree = "<group>"; };
		131B370D2A6B64DC0011EADB /* NewItemViewViewModel.swift */ = {isa = PBXFileReference; lastKnownFileType = sourcecode.swift; path = NewItemViewViewModel.swift; sourceTree = "<group>"; };
		131B370F2A6B64FC0011EADB /* LoginViewViewModel.swift */ = {isa = PBXFileReference; lastKnownFileType = sourcecode.swift; path = LoginViewViewModel.swift; sourceTree = "<group>"; };
		131B37112A6B650F0011EADB /* RegisterViewViewModel.swift */ = {isa = PBXFileReference; lastKnownFileType = sourcecode.swift; path = RegisterViewViewModel.swift; sourceTree = "<group>"; };
		131B37132A6B651F0011EADB /* ToDoListItemViewViewModel.swift */ = {isa = PBXFileReference; lastKnownFileType = sourcecode.swift; path = ToDoListItemViewViewModel.swift; sourceTree = "<group>"; };
		131B37152A6B6B530011EADB /* LoginView.swift */ = {isa = PBXFileReference; lastKnownFileType = sourcecode.swift; path = LoginView.swift; sourceTree = "<group>"; };
		131B37172A6B6EF00011EADB /* HeaderView.swift */ = {isa = PBXFileReference; lastKnownFileType = sourcecode.swift; path = HeaderView.swift; sourceTree = "<group>"; };
/* End PBXFileReference section */

/* Begin PBXFrameworksBuildPhase section */
		131B36D62A6B5EB60011EADB /* Frameworks */ = {
			isa = PBXFrameworksBuildPhase;
			buildActionMask = 2147483647;
			files = (
				131B36EC2A6B5F2B0011EADB /* FirebaseAuth in Frameworks */,
				131B36EE2A6B5F2B0011EADB /* FirebaseFirestore in Frameworks */,
				131B36F02A6B5F2B0011EADB /* FirebaseFirestoreSwift in Frameworks */,
			);
			runOnlyForDeploymentPostprocessing = 0;
		};
/* End PBXFrameworksBuildPhase section */

/* Begin PBXGroup section */
		131B36D02A6B5EB60011EADB = {
			isa = PBXGroup;
			children = (
				131B36DB2A6B5EB60011EADB /* ToDoList */,
				131B36DA2A6B5EB60011EADB /* Products */,
			);
			sourceTree = "<group>";
		};
		131B36DA2A6B5EB60011EADB /* Products */ = {
			isa = PBXGroup;
			children = (
				131B36D92A6B5EB60011EADB /* ToDoList.app */,
			);
			name = Products;
			sourceTree = "<group>";
		};
		131B36DB2A6B5EB60011EADB /* ToDoList */ = {
			isa = PBXGroup;
			children = (
				131B36F52A6B61FD0011EADB /* Models */,
				131B36F32A6B61E00011EADB /* Views */,
				131B36F42A6B61EE0011EADB /* ViewModels */,
				131B36F62A6B62240011EADB /* Support */,
				131B36E22A6B5EB60011EADB /* Preview Content */,
			);
			path = ToDoList;
			sourceTree = "<group>";
		};
		131B36E22A6B5EB60011EADB /* Preview Content */ = {
			isa = PBXGroup;
			children = (
				131B36E32A6B5EB60011EADB /* Preview Assets.xcassets */,
			);
			path = "Preview Content";
			sourceTree = "<group>";
		};
		131B36F32A6B61E00011EADB /* Views */ = {
			isa = PBXGroup;
			children = (
				131B36DE2A6B5EB60011EADB /* MainView.swift */,
				131B36F72A6B636C0011EADB /* ProfileView.swift */,
				131B36F92A6B638B0011EADB /* ToDoListView.swift */,
				131B36FB2A6B639D0011EADB /* NewItemView.swift */,
				131B37152A6B6B530011EADB /* LoginView.swift */,
				131B36FF2A6B63C50011EADB /* RegisterView.swift */,
				131B37012A6B63FA0011EADB /* ToDoListItemView.swift */,
				131B37172A6B6EF00011EADB /* HeaderView.swift */,
			);
			path = Views;
			sourceTree = "<group>";
		};
		131B36F42A6B61EE0011EADB /* ViewModels */ = {
			isa = PBXGroup;
			children = (
				131B37072A6B648E0011EADB /* MainViewViewModel.swift */,
				131B37092A6B64A00011EADB /* ProfileViewViewModel.swift */,
				131B370B2A6B64B60011EADB /* ToDoListViewViewModel.swift */,
				131B370D2A6B64DC0011EADB /* NewItemViewViewModel.swift */,
				131B370F2A6B64FC0011EADB /* LoginViewViewModel.swift */,
				131B37112A6B650F0011EADB /* RegisterViewViewModel.swift */,
				131B37132A6B651F0011EADB /* ToDoListItemViewViewModel.swift */,
			);
			path = ViewModels;
			sourceTree = "<group>";
		};
		131B36F52A6B61FD0011EADB /* Models */ = {
			isa = PBXGroup;
			children = (
				131B37032A6B64380011EADB /* User.swift */,
				131B37052A6B64460011EADB /* ToDoListItem.swift */,
			);
			path = Models;
			sourceTree = "<group>";
		};
		131B36F62A6B62240011EADB /* Support */ = {
			isa = PBXGroup;
			children = (
				131B36F12A6B60140011EADB /* GoogleService-Info.plist */,
				131B36DC2A6B5EB60011EADB /* ToDoListApp.swift */,
				131B36E02A6B5EB60011EADB /* Assets.xcassets */,
			);
			path = Support;
			sourceTree = "<group>";
		};
/* End PBXGroup section */

/* Begin PBXNativeTarget section */
		131B36D82A6B5EB60011EADB /* ToDoList */ = {
			isa = PBXNativeTarget;
			buildConfigurationList = 131B36E72A6B5EB60011EADB /* Build configuration list for PBXNativeTarget "ToDoList" */;
			buildPhases = (
				131B36D52A6B5EB60011EADB /* Sources */,
				131B36D62A6B5EB60011EADB /* Frameworks */,
				131B36D72A6B5EB60011EADB /* Resources */,
			);
			buildRules = (
			);
			dependencies = (
			);
			name = ToDoList;
			packageProductDependencies = (
				131B36EB2A6B5F2B0011EADB /* FirebaseAuth */,
				131B36ED2A6B5F2B0011EADB /* FirebaseFirestore */,
				131B36EF2A6B5F2B0011EADB /* FirebaseFirestoreSwift */,
			);
			productName = ToDoList;
			productReference = 131B36D92A6B5EB60011EADB /* ToDoList.app */;
			productType = "com.apple.product-type.application";
		};
/* End PBXNativeTarget section */

/* Begin PBXProject section */
		131B36D12A6B5EB60011EADB /* Project object */ = {
			isa = PBXProject;
			attributes = {
				BuildIndependentTargetsInParallel = 1;
				LastSwiftUpdateCheck = 1420;
				LastUpgradeCheck = 1420;
				TargetAttributes = {
					131B36D82A6B5EB60011EADB = {
						CreatedOnToolsVersion = 14.2;
					};
				};
			};
			buildConfigurationList = 131B36D42A6B5EB60011EADB /* Build configuration list for PBXProject "ToDoList" */;
			compatibilityVersion = "Xcode 14.0";
			developmentRegion = en;
			hasScannedForEncodings = 0;
			knownRegions = (
				en,
				Base,
			);
			mainGroup = 131B36D02A6B5EB60011EADB;
			packageReferences = (
				131B36EA2A6B5F2B0011EADB /* XCRemoteSwiftPackageReference "firebase-ios-sdk" */,
			);
			productRefGroup = 131B36DA2A6B5EB60011EADB /* Products */;
			projectDirPath = "";
			projectRoot = "";
			targets = (
				131B36D82A6B5EB60011EADB /* ToDoList */,
			);
		};
/* End PBXProject section */

/* Begin PBXResourcesBuildPhase section */
		131B36D72A6B5EB60011EADB /* Resources */ = {
			isa = PBXResourcesBuildPhase;
			buildActionMask = 2147483647;
			files = (
				131B36E42A6B5EB60011EADB /* Preview Assets.xcassets in Resources */,
				131B36F22A6B60140011EADB /* GoogleService-Info.plist in Resources */,
				131B36E12A6B5EB60011EADB /* Assets.xcassets in Resources */,
			);
			runOnlyForDeploymentPostprocessing = 0;
		};
/* End PBXResourcesBuildPhase section */

/* Begin PBXSourcesBuildPhase section */
		131B36D52A6B5EB60011EADB /* Sources */ = {
			isa = PBXSourcesBuildPhase;
			buildActionMask = 2147483647;
			files = (
				131B36DF2A6B5EB60011EADB /* MainView.swift in Sources */,
				131B37182A6B6EF00011EADB /* HeaderView.swift in Sources */,
				131B37122A6B650F0011EADB /* RegisterViewViewModel.swift in Sources */,
				131B37082A6B648E0011EADB /* MainViewViewModel.swift in Sources */,
				131B36FA2A6B638B0011EADB /* ToDoListView.swift in Sources */,
				131B37002A6B63C50011EADB /* RegisterView.swift in Sources */,
				131B370A2A6B64A00011EADB /* ProfileViewViewModel.swift in Sources */,
				131B36F82A6B636C0011EADB /* ProfileView.swift in Sources */,
				131B37042A6B64380011EADB /* User.swift in Sources */,
				131B37022A6B63FA0011EADB /* ToDoListItemView.swift in Sources */,
				131B370C2A6B64B60011EADB /* ToDoListViewViewModel.swift in Sources */,
				131B37162A6B6B530011EADB /* LoginView.swift in Sources */,
				131B36DD2A6B5EB60011EADB /* ToDoListApp.swift in Sources */,
				131B37062A6B64460011EADB /* ToDoListItem.swift in Sources */,
				131B37102A6B64FC0011EADB /* LoginViewViewModel.swift in Sources */,
				131B36FC2A6B639D0011EADB /* NewItemView.swift in Sources */,
				131B370E2A6B64DC0011EADB /* NewItemViewViewModel.swift in Sources */,
				131B37142A6B651F0011EADB /* ToDoListItemViewViewModel.swift in Sources */,
			);
			runOnlyForDeploymentPostprocessing = 0;
		};
/* End PBXSourcesBuildPhase section */

/* Begin XCBuildConfiguration section */
		131B36E52A6B5EB60011EADB /* Debug */ = {
			isa = XCBuildConfiguration;
			buildSettings = {
				ALWAYS_SEARCH_USER_PATHS = NO;
				CLANG_ANALYZER_NONNULL = YES;
				CLANG_ANALYZER_NUMBER_OBJECT_CONVERSION = YES_AGGRESSIVE;
				CLANG_CXX_LANGUAGE_STANDARD = "gnu++20";
				CLANG_ENABLE_MODULES = YES;
				CLANG_ENABLE_OBJC_ARC = YES;
				CLANG_ENABLE_OBJC_WEAK = YES;
				CLANG_WARN_BLOCK_CAPTURE_AUTORELEASING = YES;
				CLANG_WARN_BOOL_CONVERSION = YES;
				CLANG_WARN_COMMA = YES;
				CLANG_WARN_CONSTANT_CONVERSION = YES;
				CLANG_WARN_DEPRECATED_OBJC_IMPLEMENTATIONS = YES;
				CLANG_WARN_DIRECT_OBJC_ISA_USAGE = YES_ERROR;
				CLANG_WARN_DOCUMENTATION_COMMENTS = YES;
				CLANG_WARN_EMPTY_BODY = YES;
				CLANG_WARN_ENUM_CONVERSION = YES;
				CLANG_WARN_INFINITE_RECURSION = YES;
				CLANG_WARN_INT_CONVERSION = YES;
				CLANG_WARN_NON_LITERAL_NULL_CONVERSION = YES;
				CLANG_WARN_OBJC_IMPLICIT_RETAIN_SELF = YES;
				CLANG_WARN_OBJC_LITERAL_CONVERSION = YES;
				CLANG_WARN_OBJC_ROOT_CLASS = YES_ERROR;
				CLANG_WARN_QUOTED_INCLUDE_IN_FRAMEWORK_HEADER = YES;
				CLANG_WARN_RANGE_LOOP_ANALYSIS = YES;
				CLANG_WARN_STRICT_PROTOTYPES = YES;
				CLANG_WARN_SUSPICIOUS_MOVE = YES;
				CLANG_WARN_UNGUARDED_AVAILABILITY = YES_AGGRESSIVE;
				CLANG_WARN_UNREACHABLE_CODE = YES;
				CLANG_WARN__DUPLICATE_METHOD_MATCH = YES;
				COPY_PHASE_STRIP = NO;
				DEBUG_INFORMATION_FORMAT = dwarf;
				ENABLE_STRICT_OBJC_MSGSEND = YES;
				ENABLE_TESTABILITY = YES;
				GCC_C_LANGUAGE_STANDARD = gnu11;
				GCC_DYNAMIC_NO_PIC = NO;
				GCC_NO_COMMON_BLOCKS = YES;
				GCC_OPTIMIZATION_LEVEL = 0;
				GCC_PREPROCESSOR_DEFINITIONS = (
					"DEBUG=1",
					"$(inherited)",
				);
				GCC_WARN_64_TO_32_BIT_CONVERSION = YES;
				GCC_WARN_ABOUT_RETURN_TYPE = YES_ERROR;
				GCC_WARN_UNDECLARED_SELECTOR = YES;
				GCC_WARN_UNINITIALIZED_AUTOS = YES_AGGRESSIVE;
				GCC_WARN_UNUSED_FUNCTION = YES;
				GCC_WARN_UNUSED_VARIABLE = YES;
				IPHONEOS_DEPLOYMENT_TARGET = 16.2;
				MTL_ENABLE_DEBUG_INFO = INCLUDE_SOURCE;
				MTL_FAST_MATH = YES;
				ONLY_ACTIVE_ARCH = YES;
				SDKROOT = iphoneos;
				SWIFT_ACTIVE_COMPILATION_CONDITIONS = DEBUG;
				SWIFT_OPTIMIZATION_LEVEL = "-Onone";
			};
			name = Debug;
		};
		131B36E62A6B5EB60011EADB /* Release */ = {
			isa = XCBuildConfiguration;
			buildSettings = {
				ALWAYS_SEARCH_USER_PATHS = NO;
				CLANG_ANALYZER_NONNULL = YES;
				CLANG_ANALYZER_NUMBER_OBJECT_CONVERSION = YES_AGGRESSIVE;
				CLANG_CXX_LANGUAGE_STANDARD = "gnu++20";
				CLANG_ENABLE_MODULES = YES;
				CLANG_ENABLE_OBJC_ARC = YES;
				CLANG_ENABLE_OBJC_WEAK = YES;
				CLANG_WARN_BLOCK_CAPTURE_AUTORELEASING = YES;
				CLANG_WARN_BOOL_CONVERSION = YES;
				CLANG_WARN_COMMA = YES;
				CLANG_WARN_CONSTANT_CONVERSION = YES;
				CLANG_WARN_DEPRECATED_OBJC_IMPLEMENTATIONS = YES;
				CLANG_WARN_DIRECT_OBJC_ISA_USAGE = YES_ERROR;
				CLANG_WARN_DOCUMENTATION_COMMENTS = YES;
				CLANG_WARN_EMPTY_BODY = YES;
				CLANG_WARN_ENUM_CONVERSION = YES;
				CLANG_WARN_INFINITE_RECURSION = YES;
				CLANG_WARN_INT_CONVERSION = YES;
				CLANG_WARN_NON_LITERAL_NULL_CONVERSION = YES;
				CLANG_WARN_OBJC_IMPLICIT_RETAIN_SELF = YES;
				CLANG_WARN_OBJC_LITERAL_CONVERSION = YES;
				CLANG_WARN_OBJC_ROOT_CLASS = YES_ERROR;
				CLANG_WARN_QUOTED_INCLUDE_IN_FRAMEWORK_HEADER = YES;
				CLANG_WARN_RANGE_LOOP_ANALYSIS = YES;
				CLANG_WARN_STRICT_PROTOTYPES = YES;
				CLANG_WARN_SUSPICIOUS_MOVE = YES;
				CLANG_WARN_UNGUARDED_AVAILABILITY = YES_AGGRESSIVE;
				CLANG_WARN_UNREACHABLE_CODE = YES;
				CLANG_WARN__DUPLICATE_METHOD_MATCH = YES;
				COPY_PHASE_STRIP = NO;
				DEBUG_INFORMATION_FORMAT = "dwarf-with-dsym";
				ENABLE_NS_ASSERTIONS = NO;
				ENABLE_STRICT_OBJC_MSGSEND = YES;
				GCC_C_LANGUAGE_STANDARD = gnu11;
				GCC_NO_COMMON_BLOCKS = YES;
				GCC_WARN_64_TO_32_BIT_CONVERSION = YES;
				GCC_WARN_ABOUT_RETURN_TYPE = YES_ERROR;
				GCC_WARN_UNDECLARED_SELECTOR = YES;
				GCC_WARN_UNINITIALIZED_AUTOS = YES_AGGRESSIVE;
				GCC_WARN_UNUSED_FUNCTION = YES;
				GCC_WARN_UNUSED_VARIABLE = YES;
				IPHONEOS_DEPLOYMENT_TARGET = 16.2;
				MTL_ENABLE_DEBUG_INFO = NO;
				MTL_FAST_MATH = YES;
				SDKROOT = iphoneos;
				SWIFT_COMPILATION_MODE = wholemodule;
				SWIFT_OPTIMIZATION_LEVEL = "-O";
				VALIDATE_PRODUCT = YES;
			};
			name = Release;
		};
		131B36E82A6B5EB60011EADB /* Debug */ = {
			isa = XCBuildConfiguration;
			buildSettings = {
				ASSETCATALOG_COMPILER_APPICON_NAME = AppIcon;
				ASSETCATALOG_COMPILER_GLOBAL_ACCENT_COLOR_NAME = AccentColor;
				CODE_SIGN_STYLE = Automatic;
				CURRENT_PROJECT_VERSION = 1;
				DEVELOPMENT_ASSET_PATHS = "\"ToDoList/Preview Content\"";
				DEVELOPMENT_TEAM = T94Y3NV5X8;
				ENABLE_PREVIEWS = YES;
				GENERATE_INFOPLIST_FILE = YES;
				INFOPLIST_KEY_UIApplicationSceneManifest_Generation = YES;
				INFOPLIST_KEY_UIApplicationSupportsIndirectInputEvents = YES;
				INFOPLIST_KEY_UILaunchScreen_Generation = YES;
				INFOPLIST_KEY_UISupportedInterfaceOrientations = UIInterfaceOrientationPortrait;
				LD_RUNPATH_SEARCH_PATHS = (
					"$(inherited)",
					"@executable_path/Frameworks",
				);
				MARKETING_VERSION = 1.0;
				PRODUCT_BUNDLE_IDENTIFIER = AceEzra.ToDoList;
				PRODUCT_NAME = "$(TARGET_NAME)";
				SWIFT_EMIT_LOC_STRINGS = YES;
				SWIFT_VERSION = 5.0;
				TARGETED_DEVICE_FAMILY = "1,2";
			};
			name = Debug;
		};
		131B36E92A6B5EB60011EADB /* Release */ = {
			isa = XCBuildConfiguration;
			buildSettings = {
				ASSETCATALOG_COMPILER_APPICON_NAME = AppIcon;
				ASSETCATALOG_COMPILER_GLOBAL_ACCENT_COLOR_NAME = AccentColor;
				CODE_SIGN_STYLE = Automatic;
				CURRENT_PROJECT_VERSION = 1;
				DEVELOPMENT_ASSET_PATHS = "\"ToDoList/Preview Content\"";
				DEVELOPMENT_TEAM = T94Y3NV5X8;
				ENABLE_PREVIEWS = YES;
				GENERATE_INFOPLIST_FILE = YES;
				INFOPLIST_KEY_UIApplicationSceneManifest_Generation = YES;
				INFOPLIST_KEY_UIApplicationSupportsIndirectInputEvents = YES;
				INFOPLIST_KEY_UILaunchScreen_Generation = YES;
				INFOPLIST_KEY_UISupportedInterfaceOrientations = UIInterfaceOrientationPortrait;
				LD_RUNPATH_SEARCH_PATHS = (
					"$(inherited)",
					"@executable_path/Frameworks",
				);
				MARKETING_VERSION = 1.0;
				PRODUCT_BUNDLE_IDENTIFIER = AceEzra.ToDoList;
				PRODUCT_NAME = "$(TARGET_NAME)";
				SWIFT_EMIT_LOC_STRINGS = YES;
				SWIFT_VERSION = 5.0;
				TARGETED_DEVICE_FAMILY = "1,2";
			};
			name = Release;
		};
/* End XCBuildConfiguration section */

/* Begin XCConfigurationList section */
		131B36D42A6B5EB60011EADB /* Build configuration list for PBXProject "ToDoList" */ = {
			isa = XCConfigurationList;
			buildConfigurations = (
				131B36E52A6B5EB60011EADB /* Debug */,
				131B36E62A6B5EB60011EADB /* Release */,
			);
			defaultConfigurationIsVisible = 0;
			defaultConfigurationName = Release;
		};
		131B36E72A6B5EB60011EADB /* Build configuration list for PBXNativeTarget "ToDoList" */ = {
			isa = XCConfigurationList;
			buildConfigurations = (
				131B36E82A6B5EB60011EADB /* Debug */,
				131B36E92A6B5EB60011EADB /* Release */,
			);
			defaultConfigurationIsVisible = 0;
			defaultConfigurationName = Release;
		};
/* End XCConfigurationList section */

/* Begin XCRemoteSwiftPackageReference section */
		131B36EA2A6B5F2B0011EADB /* XCRemoteSwiftPackageReference "firebase-ios-sdk" */ = {
			isa = XCRemoteSwiftPackageReference;
			repositoryURL = "https://github.com/firebase/firebase-ios-sdk";
			requirement = {
				kind = upToNextMajorVersion;
				minimumVersion = 9.0.0;
			};
		};
/* End XCRemoteSwiftPackageReference section */

/* Begin XCSwiftPackageProductDependency section */
		131B36EB2A6B5F2B0011EADB /* FirebaseAuth */ = {
			isa = XCSwiftPackageProductDependency;
			package = 131B36EA2A6B5F2B0011EADB /* XCRemoteSwiftPackageReference "firebase-ios-sdk" */;
			productName = FirebaseAuth;
		};
		131B36ED2A6B5F2B0011EADB /* FirebaseFirestore */ = {
			isa = XCSwiftPackageProductDependency;
			package = 131B36EA2A6B5F2B0011EADB /* XCRemoteSwiftPackageReference "firebase-ios-sdk" */;
			productName = FirebaseFirestore;
		};
		131B36EF2A6B5F2B0011EADB /* FirebaseFirestoreSwift */ = {
			isa = XCSwiftPackageProductDependency;
			package = 131B36EA2A6B5F2B0011EADB /* XCRemoteSwiftPackageReference "firebase-ios-sdk" */;
			productName = FirebaseFirestoreSwift;
		};
/* End XCSwiftPackageProductDependency section */
	};
	rootObject = 131B36D12A6B5EB60011EADB /* Project object */;
}
